PODS:
  - Alamofire (4.5.1)
  - Appirater (2.3.1)
  - Aspects (0.0.1)
  - AsyncSwift (2.0.4)
  - CallbackURLKit (2.0.0):
    - CallbackURLKit/Core (= 2.0.0)
  - CallbackURLKit/Core (2.0.0)
  - Cartography (2.1.0)
  - CocoaAsyncSocket (7.4.3):
    - CocoaAsyncSocket/All (= 7.4.3)
  - CocoaAsyncSocket/All (7.4.3):
    - CocoaAsyncSocket/GCD
    - CocoaAsyncSocket/RunLoop
  - CocoaAsyncSocket/GCD (7.4.3)
  - CocoaAsyncSocket/RunLoop (7.4.3)
  - Crashlytics (3.9.3):
    - Fabric (~> 1.7.2)
  - Eureka (4.0.1)
  - Fabric (1.7.2)
  - ICSMainFramework (0.0.1)
  - ISO8601DateFormatter (0.8)
  - KissXML (5.1.2):
    - KissXML/Core (= 5.1.2)
  - KissXML/Core (5.1.2)
  - KissXML/libxml_module (5.1.2):
    - KissXML/SwiftNSXML
  - KissXML/SwiftNSXML (5.1.2):
    - KissXML/Core
  - MBProgressHUD (1.1.0)
  - MMWormhole (2.0.0):
    - MMWormhole/Core (= 2.0.0)
  - MMWormhole/Core (2.0.0)
  - ObjectMapper (3.0.0)
  - PSOperations (4.0.0):
    - PSOperations/Core (= 4.0.0)
    - PSOperations/Health (= 4.0.0)
    - PSOperations/Passbook (= 4.0.0)
  - PSOperations/Core (4.0.0)
  - PSOperations/Health (4.0.0):
    - PSOperations/Core
  - PSOperations/Passbook (4.0.0):
    - PSOperations/Core
  - SVPullToRefresh (0.4.1)
  - SwiftColor (0.6.0)

DEPENDENCIES:
  - Alamofire (~> 4.5.1)
  - Appirater
  - Aspects (from `./Library/Aspects/`)
  - AsyncSwift
  - CallbackURLKit
  - Cartography (~> 2.0)
  - CocoaAsyncSocket (~> 7.4.3)
  - Crashlytics
  - Eureka (~> 4.0.1)
  - Fabric
  - ICSMainFramework (from `./Library/ICSMainFramework/`)
  - ISO8601DateFormatter (~> 0.8)
  - KissXML
  - KissXML/libxml_module
  - MBProgressHUD
  - MMWormhole (~> 2.0.0)
  - ObjectMapper (~> 3.0.0)
  - PSOperations (~> 4.0.0)
  - SVPullToRefresh (from `https://github.com/samvermette/SVPullToRefresh`)
  - SwiftColor

EXTERNAL SOURCES:
  Aspects:
    :path: ./Library/Aspects/
  ICSMainFramework:
    :path: ./Library/ICSMainFramework/
  SVPullToRefresh:
    :git: https://github.com/samvermette/SVPullToRefresh

CHECKOUT OPTIONS:
  SVPullToRefresh:
    :commit: a5f9dfee86a27c4e994d7edf93d0768c881d58bb
    :git: https://github.com/samvermette/SVPullToRefresh

SPEC CHECKSUMS:
  Alamofire: 2d95912bf4c34f164fdfc335872e8c312acaea4a
  Appirater: 44a4651f7912a17dc906b655f0c215d5bb768b84
  Aspects: 35254a4a73948e7bc1118ce0554674f77467a80b
  AsyncSwift: 65775a7b32e740609b24969ece3de58723b9dc3e
  CallbackURLKit: eebcf4ecbb70dc8c970f9fcf1ff70162c5ea0965
  Cartography: 19c2223a8dfed35d82b098d365213b7ceb25ab2b
  CocoaAsyncSocket: a18c75dca4b08723628a0bacca6e94803d90be91
  Crashlytics: dbb07d01876c171c5ccbdf7826410380189e452c
  Eureka: c8bd5cc07143b6f66268c208d28a246c99b41955
  Fabric: 9cd6a848efcf1b8b07497e0b6a2e7d336353ba15
  ICSMainFramework: 56240e9556d3b0755fc9c934a91ee8ebd09cb753
  ISO8601DateFormatter: 4551b6ce4f83185425f583b0b3feb3c7b59b942c
  KissXML: 246c842586bb77110e04fb88e19376d96245c856
  MBProgressHUD: e7baa36a220447d8aeb12769bf0585582f3866d9
  MMWormhole: 0cd3fd35a9118b2e2d762b499f54eeaace0be791
  ObjectMapper: 92230db59bf8f341a5c3a3cf0b9fbdde3cf0d87f
  PSOperations: c2f76297eabc5625a5e446abcfa88a95d17cb761
  SVPullToRefresh: ba2e718695a43253d8bea6852d2960097dc15d8c
  SwiftColor: ce45cc128e2a433a20e6f052c41f533590a567b4

PODFILE CHECKSUM: 48c91222a3e16ca54058686d8010b24d8c2d48d7

COCOAPODS: 1.4.0.beta.2
